
Microsoft Visual Studio Solution File, Format Version 12.00
# Visual Studio Version 17
VisualStudioVersion = 17.11.35222.181
MinimumVisualStudioVersion = 10.0.40219.1
Project("{9A19103F-16F7-4668-BE54-9A1E7A4F7556}") = "ClassificacaoCredito", "ClassificacaoCredito\ClassificacaoCredito.csproj", "{B23783ED-9193-44AE-9DBD-C462F021A4B1}"
EndProject
Project("{9A19103F-16F7-4668-BE54-9A1E7A4F7556}") = "ClassificacaoNoticia", "ClassificacaoNoticia\ClassificacaoNoticia.csproj", "{B36BAEE6-5AF0-423F-A715-D645C8B4541E}"
EndProject
Project("{9A19103F-16F7-4668-BE54-9A1E7A4F7556}") = "PredicaoCasa", "PredicaoCasa\PredicaoCasa.csproj", "{0C0630C6-5D5F-42C7-8213-D1F4853717F4}"
EndProject
Project("{9A19103F-16F7-4668-BE54-9A1E7A4F7556}") = "RegressaoLinear", "RegressaoLinear\RegressaoLinear.csproj", "{77918B12-60EA-46A7-B644-C41FA5225CAE}"
EndProject
Project("{9A19103F-16F7-4668-BE54-9A1E7A4F7556}") = "RegressaoLogistica", "RegressaoLogistica\RegressaoLogistica.csproj", "{7C3399ED-0077-44AE-B933-39CEC42DBA5F}"
EndProject
Project("{9A19103F-16F7-4668-BE54-9A1E7A4F7556}") = "Clustering", "Clustering\Clustering.csproj", "{D05EE23B-9F17-4652-9ED3-17369BB86D74}"
EndProject
Project("{9A19103F-16F7-4668-BE54-9A1E7A4F7556}") = "SerieTemporal", "SerieTemporal\SerieTemporal.csproj", "{4D108779-3AA9-4B6C-9347-11F3651BECE8}"
EndProject
Project("{9A19103F-16F7-4668-BE54-9A1E7A4F7556}") = "ExemploNLP", "ExemploNLP\ExemploNLP.csproj", "{335A3B87-3E4E-4EC4-8DBD-C3DA08504970}"
EndProject
Project("{9A19103F-16F7-4668-BE54-9A1E7A4F7556}") = "WpfApp2", "ReconhecimentoImagem\WpfApp2.csproj", "{7BF47FCB-40BD-4377-9A0A-EEDB326407D4}"
EndProject
Global
	GlobalSection(SolutionConfigurationPlatforms) = preSolution
		Debug|Any CPU = Debug|Any CPU
		Release|Any CPU = Release|Any CPU
	EndGlobalSection
	GlobalSection(ProjectConfigurationPlatforms) = postSolution
		{B23783ED-9193-44AE-9DBD-C462F021A4B1}.Debug|Any CPU.ActiveCfg = Debug|Any CPU
		{B23783ED-9193-44AE-9DBD-C462F021A4B1}.Debug|Any CPU.Build.0 = Debug|Any CPU
		{B23783ED-9193-44AE-9DBD-C462F021A4B1}.Release|Any CPU.ActiveCfg = Release|Any CPU
		{B23783ED-9193-44AE-9DBD-C462F021A4B1}.Release|Any CPU.Build.0 = Release|Any CPU
		{B36BAEE6-5AF0-423F-A715-D645C8B4541E}.Debug|Any CPU.ActiveCfg = Debug|Any CPU
		{B36BAEE6-5AF0-423F-A715-D645C8B4541E}.Debug|Any CPU.Build.0 = Debug|Any CPU
		{B36BAEE6-5AF0-423F-A715-D645C8B4541E}.Release|Any CPU.ActiveCfg = Release|Any CPU
		{B36BAEE6-5AF0-423F-A715-D645C8B4541E}.Release|Any CPU.Build.0 = Release|Any CPU
		{0C0630C6-5D5F-42C7-8213-D1F4853717F4}.Debug|Any CPU.ActiveCfg = Debug|Any CPU
		{0C0630C6-5D5F-42C7-8213-D1F4853717F4}.Debug|Any CPU.Build.0 = Debug|Any CPU
		{0C0630C6-5D5F-42C7-8213-D1F4853717F4}.Release|Any CPU.ActiveCfg = Release|Any CPU
		{0C0630C6-5D5F-42C7-8213-D1F4853717F4}.Release|Any CPU.Build.0 = Release|Any CPU
		{77918B12-60EA-46A7-B644-C41FA5225CAE}.Debug|Any CPU.ActiveCfg = Debug|Any CPU
		{77918B12-60EA-46A7-B644-C41FA5225CAE}.Debug|Any CPU.Build.0 = Debug|Any CPU
		{77918B12-60EA-46A7-B644-C41FA5225CAE}.Release|Any CPU.ActiveCfg = Release|Any CPU
		{77918B12-60EA-46A7-B644-C41FA5225CAE}.Release|Any CPU.Build.0 = Release|Any CPU
		{7C3399ED-0077-44AE-B933-39CEC42DBA5F}.Debug|Any CPU.ActiveCfg = Debug|Any CPU
		{7C3399ED-0077-44AE-B933-39CEC42DBA5F}.Debug|Any CPU.Build.0 = Debug|Any CPU
		{7C3399ED-0077-44AE-B933-39CEC42DBA5F}.Release|Any CPU.ActiveCfg = Release|Any CPU
		{7C3399ED-0077-44AE-B933-39CEC42DBA5F}.Release|Any CPU.Build.0 = Release|Any CPU
		{D05EE23B-9F17-4652-9ED3-17369BB86D74}.Debug|Any CPU.ActiveCfg = Debug|Any CPU
		{D05EE23B-9F17-4652-9ED3-17369BB86D74}.Debug|Any CPU.Build.0 = Debug|Any CPU
		{D05EE23B-9F17-4652-9ED3-17369BB86D74}.Release|Any CPU.ActiveCfg = Release|Any CPU
		{D05EE23B-9F17-4652-9ED3-17369BB86D74}.Release|Any CPU.Build.0 = Release|Any CPU
		{4D108779-3AA9-4B6C-9347-11F3651BECE8}.Debug|Any CPU.ActiveCfg = Debug|Any CPU
		{4D108779-3AA9-4B6C-9347-11F3651BECE8}.Debug|Any CPU.Build.0 = Debug|Any CPU
		{4D108779-3AA9-4B6C-9347-11F3651BECE8}.Release|Any CPU.ActiveCfg = Release|Any CPU
		{4D108779-3AA9-4B6C-9347-11F3651BECE8}.Release|Any CPU.Build.0 = Release|Any CPU
		{335A3B87-3E4E-4EC4-8DBD-C3DA08504970}.Debug|Any CPU.ActiveCfg = Debug|Any CPU
		{335A3B87-3E4E-4EC4-8DBD-C3DA08504970}.Debug|Any CPU.Build.0 = Debug|Any CPU
		{335A3B87-3E4E-4EC4-8DBD-C3DA08504970}.Release|Any CPU.ActiveCfg = Release|Any CPU
		{335A3B87-3E4E-4EC4-8DBD-C3DA08504970}.Release|Any CPU.Build.0 = Release|Any CPU
		{7BF47FCB-40BD-4377-9A0A-EEDB326407D4}.Debug|Any CPU.ActiveCfg = Debug|Any CPU
		{7BF47FCB-40BD-4377-9A0A-EEDB326407D4}.Debug|Any CPU.Build.0 = Debug|Any CPU
		{7BF47FCB-40BD-4377-9A0A-EEDB326407D4}.Release|Any CPU.ActiveCfg = Release|Any CPU
		{7BF47FCB-40BD-4377-9A0A-EEDB326407D4}.Release|Any CPU.Build.0 = Release|Any CPU
	EndGlobalSection
	GlobalSection(SolutionProperties) = preSolution
		HideSolutionNode = FALSE
	EndGlobalSection
	GlobalSection(ExtensibilityGlobals) = postSolution
		SolutionGuid = {604452A7-626B-4795-BA45-AA960DABA47D}
	EndGlobalSection
EndGlobal
