
Microsoft Visual Studio Solution File, Format Version 12.00
# Visual Studio Version 17
VisualStudioVersion = 17.11.35222.181
MinimumVisualStudioVersion = 10.0.40219.1
Project("{9A19103F-16F7-4668-BE54-9A1E7A4F7556}") = "PredicaoCasa", "PredicaoCasa.csproj", "{7CB05518-14D7-45C1-9C5F-91DAC6A75979}"
EndProject
Project("{9A19103F-16F7-4668-BE54-9A1E7A4F7556}") = "RegressaoLinear", "..\RegressaoLinear\RegressaoLinear.csproj", "{15637C5E-533D-482F-9F8B-8D4DDD64A4ED}"
EndProject
Project("{9A19103F-16F7-4668-BE54-9A1E7A4F7556}") = "RegressaoLogistica", "..\RegressaoLogistica\RegressaoLogistica.csproj", "{6F5F195A-C729-41E7-9102-284DADB4268B}"
EndProject
Project("{FAE04EC0-301F-11D3-BF4B-00C04F79EFBC}") = "ClassificacaoCredito", "..\ClassificacaoCredito\ClassificacaoCredito.csproj", "{4EC29F14-28CE-41B0-88BB-D8B17F104419}"
EndProject
Project("{FAE04EC0-301F-11D3-BF4B-00C04F79EFBC}") = "ClassificacaoNoticia", "..\ClassificacaoNoticia\ClassificacaoNoticia.csproj", "{B4E9BDFD-8A83-4B48-AB42-198403384B14}"
EndProject
Global
	GlobalSection(SolutionConfigurationPlatforms) = preSolution
		Debug|Any CPU = Debug|Any CPU
		Release|Any CPU = Release|Any CPU
	EndGlobalSection
	GlobalSection(ProjectConfigurationPlatforms) = postSolution
		{7CB05518-14D7-45C1-9C5F-91DAC6A75979}.Debug|Any CPU.ActiveCfg = Debug|Any CPU
		{7CB05518-14D7-45C1-9C5F-91DAC6A75979}.Debug|Any CPU.Build.0 = Debug|Any CPU
		{7CB05518-14D7-45C1-9C5F-91DAC6A75979}.Release|Any CPU.ActiveCfg = Release|Any CPU
		{7CB05518-14D7-45C1-9C5F-91DAC6A75979}.Release|Any CPU.Build.0 = Release|Any CPU
		{15637C5E-533D-482F-9F8B-8D4DDD64A4ED}.Debug|Any CPU.ActiveCfg = Debug|Any CPU
		{15637C5E-533D-482F-9F8B-8D4DDD64A4ED}.Debug|Any CPU.Build.0 = Debug|Any CPU
		{15637C5E-533D-482F-9F8B-8D4DDD64A4ED}.Release|Any CPU.ActiveCfg = Release|Any CPU
		{15637C5E-533D-482F-9F8B-8D4DDD64A4ED}.Release|Any CPU.Build.0 = Release|Any CPU
		{6F5F195A-C729-41E7-9102-284DADB4268B}.Debug|Any CPU.ActiveCfg = Debug|Any CPU
		{6F5F195A-C729-41E7-9102-284DADB4268B}.Debug|Any CPU.Build.0 = Debug|Any CPU
		{6F5F195A-C729-41E7-9102-284DADB4268B}.Release|Any CPU.ActiveCfg = Release|Any CPU
		{6F5F195A-C729-41E7-9102-284DADB4268B}.Release|Any CPU.Build.0 = Release|Any CPU
		{4EC29F14-28CE-41B0-88BB-D8B17F104419}.Debug|Any CPU.ActiveCfg = Debug|Any CPU
		{4EC29F14-28CE-41B0-88BB-D8B17F104419}.Debug|Any CPU.Build.0 = Debug|Any CPU
		{4EC29F14-28CE-41B0-88BB-D8B17F104419}.Release|Any CPU.ActiveCfg = Release|Any CPU
		{4EC29F14-28CE-41B0-88BB-D8B17F104419}.Release|Any CPU.Build.0 = Release|Any CPU
		{B4E9BDFD-8A83-4B48-AB42-198403384B14}.Debug|Any CPU.ActiveCfg = Debug|Any CPU
		{B4E9BDFD-8A83-4B48-AB42-198403384B14}.Debug|Any CPU.Build.0 = Debug|Any CPU
		{B4E9BDFD-8A83-4B48-AB42-198403384B14}.Release|Any CPU.ActiveCfg = Release|Any CPU
		{B4E9BDFD-8A83-4B48-AB42-198403384B14}.Release|Any CPU.Build.0 = Release|Any CPU
	EndGlobalSection
	GlobalSection(SolutionProperties) = preSolution
		HideSolutionNode = FALSE
	EndGlobalSection
	GlobalSection(ExtensibilityGlobals) = postSolution
		SolutionGuid = {604452A7-626B-4795-BA45-AA960DABA47D}
	EndGlobalSection
EndGlobal
